{
  "name": "marey",
  "version": "0.1.0",
  "lockfileVersion": 3,
  "requires": true,
  "packages": {
    "": {
      "name": "marey",
      "version": "0.1.0",
      "license": "MIT",
      "bin": {
        "marey": "src/server.mjs"
      },
      "devDependencies": {},
      "engines": {
        "node": ">=18"
      }
    }
  }
}
